
Microsoft Visual Studio Solution File, Format Version 12.00
# Visual Studio Version 17
VisualStudioVersion = 17.3.32901.215
MinimumVisualStudioVersion = 10.0.40219.1
Project("{9A19103F-16F7-4668-BE54-9A1E7A4F7556}") = "Lesson03 строки", "Lesson3\Lesson03 строки.csproj", "{11084AF9-3313-4E37-8F66-1A85CA85755E}"
EndProject
Project("{9A19103F-16F7-4668-BE54-9A1E7A4F7556}") = "Lesson06 преобразование типов", "Lesson6\Lesson06 преобразование типов.csproj", "{8683913E-EC48-4AF6-B9E1-7FC145507001}"
EndProject
Project("{9A19103F-16F7-4668-BE54-9A1E7A4F7556}") = "Lesson05 константы и литералы", "Lesson5\Lesson05 константы и литералы.csproj", "{572EDA8E-1405-44B1-859B-92F72809AE30}"
EndProject
Project("{9A19103F-16F7-4668-BE54-9A1E7A4F7556}") = "Lesson01 введение, IDE", "Lesson1\Lesson01 введение, IDE.csproj", "{9DD32C17-232A-4309-9679-7E1861BA686A}"
EndProject
Project("{9A19103F-16F7-4668-BE54-9A1E7A4F7556}") = "Lesson02", "Lesson2\Lesson02.csproj", "{1D905862-20FB-4FB9-AD40-CDB790419151}"
EndProject
Project("{9A19103F-16F7-4668-BE54-9A1E7A4F7556}") = "Lesson07", "Lesson7\Lesson07.csproj", "{B46751A4-E6A7-447A-8428-2D7F5C71AD02}"
EndProject
Project("{9A19103F-16F7-4668-BE54-9A1E7A4F7556}") = "Lesson08", "Lesson8\Lesson08.csproj", "{A3E91D88-F361-4CCA-B2DB-22F6AF59D788}"
EndProject
Project("{9A19103F-16F7-4668-BE54-9A1E7A4F7556}") = "Lesson09", "Lesson9\Lesson09.csproj", "{7B88E8CA-63B9-4570-936B-9977B02FEC54}"
EndProject
Project("{9A19103F-16F7-4668-BE54-9A1E7A4F7556}") = "Lesson10", "Lesson10\Lesson10.csproj", "{85B87262-710B-40CA-895B-3A81FC8C1EF5}"
EndProject
Project("{9A19103F-16F7-4668-BE54-9A1E7A4F7556}") = "Thema11 условные операторы", "Thema11\Thema11 условные операторы.csproj", "{807F8C52-67DA-4121-AB7E-DC9F381395A3}"
EndProject
Project("{9A19103F-16F7-4668-BE54-9A1E7A4F7556}") = "Thema12 switch", "Thema12 switch\Thema12 switch.csproj", "{01D157B6-362A-4A7A-AC12-0A67C6021909}"
EndProject
Project("{9A19103F-16F7-4668-BE54-9A1E7A4F7556}") = "Thema13 do while", "Thema13 циклы\Thema13 do while.csproj", "{15B4E9C3-B402-440E-9A6E-5E34A98ED27A}"
EndProject
Project("{9A19103F-16F7-4668-BE54-9A1E7A4F7556}") = "Thema14 for", "Thema14 for\Thema14 for.csproj", "{32D1649A-7448-49BC-94F6-8748132E40B4}"
EndProject
Project("{9A19103F-16F7-4668-BE54-9A1E7A4F7556}") = "0", "0\0.csproj", "{CFC5DEB2-A596-4CB1-BDBD-33D11F7A81B7}"
EndProject
Project("{9A19103F-16F7-4668-BE54-9A1E7A4F7556}") = "Thema15 массивы", "Thema15 массивы\Thema15 массивы.csproj", "{4AE1A6CA-DC92-41C1-9C38-0852782CB1A1}"
EndProject
Project("{9A19103F-16F7-4668-BE54-9A1E7A4F7556}") = "Thema16 массивы 2D", "Thema16 массивы 2D\Thema16 массивы 2D.csproj", "{BD978E03-65AC-4E19-A3ED-1411608A5C93}"
EndProject
Project("{9A19103F-16F7-4668-BE54-9A1E7A4F7556}") = "Thema17 многомерные массивы", "Thema17 многомерные массивы\Thema17 многомерные массивы.csproj", "{3727A219-3B25-47CD-ACAC-DED4A60D5C51}"
EndProject
Project("{9A19103F-16F7-4668-BE54-9A1E7A4F7556}") = "Thema18 строки", "Thema18 строки\Thema18 строки.csproj", "{385903FA-6FB5-436E-A605-FE24F6FEFEDA}"
EndProject
Project("{9A19103F-16F7-4668-BE54-9A1E7A4F7556}") = "Thema19 повторение", "Thema19 повторение\Thema19 повторение.csproj", "{DD95554F-71D8-45F7-AF68-7257FA734B6D}"
EndProject
Project("{9A19103F-16F7-4668-BE54-9A1E7A4F7556}") = "Thema20 локальные функции", "Thema20 локальные функции\Thema20 локальные функции.csproj", "{18D25D9A-2DE9-4D60-87D5-E0FD85ED0B46}"
EndProject
Project("{9A19103F-16F7-4668-BE54-9A1E7A4F7556}") = "Thema21 файлы", "Thema21 файлы\Thema21 файлы.csproj", "{280D8731-ABAA-49AA-8257-09F3A1BCD422}"
EndProject
Project("{9A19103F-16F7-4668-BE54-9A1E7A4F7556}") = "Thema21 файлы (Богдан)", "Thema21 файлы (Богдан)\Thema21 файлы (Богдан).csproj", "{54BD914B-DB26-49A5-9B76-B3756BE1D775}"
EndProject
Project("{9A19103F-16F7-4668-BE54-9A1E7A4F7556}") = "Thema22 исключения", "Thema22 исключения\Thema22 исключения.csproj", "{51A90E4B-CE26-4A4C-98B1-C161D16E7BCA}"
EndProject
Project("{9A19103F-16F7-4668-BE54-9A1E7A4F7556}") = "Thema25_1 win forms", "Thema31 win forms\Thema25_1 win forms.csproj", "{4D03C95C-8A15-4981-9733-5968B75CE752}"
EndProject
Project("{9A19103F-16F7-4668-BE54-9A1E7A4F7556}") = "Thema25_2", "Thema25_1\Thema25_2.csproj", "{D13470E7-579B-464C-BE7D-E4441E2E76A8}"
EndProject
Project("{9A19103F-16F7-4668-BE54-9A1E7A4F7556}") = "Thema26_1 события", "Thema25_3\Thema26_1 события.csproj", "{E8A48047-BDC7-4301-A12F-EFB6A81CD0D4}"
EndProject
Project("{9A19103F-16F7-4668-BE54-9A1E7A4F7556}") = "Thema26_2", "Thema25_4\Thema26_2.csproj", "{6B460C4E-EA28-46B8-A6F9-AC144A208C0C}"
EndProject
Project("{9A19103F-16F7-4668-BE54-9A1E7A4F7556}") = "Thema26_3", "Thema25_5\Thema26_3.csproj", "{23586183-D026-4AD1-B5B1-C2689F2FF077}"
EndProject
Project("{9A19103F-16F7-4668-BE54-9A1E7A4F7556}") = "Thema27 методы", "Thema27 методы\Thema27 методы.csproj", "{6FC2DBC8-D0DD-41B6-9EDD-9924CB15DA5F}"
EndProject
Project("{9A19103F-16F7-4668-BE54-9A1E7A4F7556}") = "ArrayLibrary", "ArrayLibrary\ArrayLibrary.csproj", "{B29E481A-227F-4EF8-B550-765376C53019}"
EndProject
Project("{9A19103F-16F7-4668-BE54-9A1E7A4F7556}") = "Thema28 логика приложений", "Thema28 логика приложений\Thema28 логика приложений.csproj", "{B00C4BDD-4965-4BF7-B6CE-048337B68320}"
EndProject
Project("{9A19103F-16F7-4668-BE54-9A1E7A4F7556}") = "Thema28_2 калькулятор", "Thema28_2 калькулятор\Thema28_2 калькулятор.csproj", "{67328BAB-9800-4C32-8548-BA36123B950A}"
EndProject
Project("{9A19103F-16F7-4668-BE54-9A1E7A4F7556}") = "Thema28_3 генератор случайных чисел", "Thema28_3 генератор случайных чисел\Thema28_3 генератор случайных чисел.csproj", "{93AB8D10-D883-4D69-8E2A-7E932A5473DC}"
EndProject
Project("{9A19103F-16F7-4668-BE54-9A1E7A4F7556}") = "Thema28_4 планировщик задач", "Thema28_4 планировщик задач\Thema28_4 планировщик задач.csproj", "{902FF1B5-62F2-40D8-AC9A-C409D809689F}"
EndProject
Project("{9A19103F-16F7-4668-BE54-9A1E7A4F7556}") = "Thema29 Enum", "Thema29\Thema29 Enum.csproj", "{9D2D86EA-10E5-459B-B031-1D14BEEA53F0}"
EndProject
Project("{9A19103F-16F7-4668-BE54-9A1E7A4F7556}") = "Thema30 срез знаний", "Thema30 срез знаний\Thema30 срез знаний.csproj", "{BBD10601-A522-4AB9-8B0A-C4A029AD41B6}"
EndProject
Project("{9A19103F-16F7-4668-BE54-9A1E7A4F7556}") = "Thema31 List", "Thema31 List\Thema31 List.csproj", "{9B937A29-56D8-4CB3-8026-B7AB69AED0AE}"
EndProject
Project("{9A19103F-16F7-4668-BE54-9A1E7A4F7556}") = "Thema31_2", "Thema31_2\Thema31_2.csproj", "{6D51BF2B-9BAD-4538-8562-18E3CF17F6CD}"
EndProject
Project("{FAE04EC0-301F-11D3-BF4B-00C04F79EFBC}") = "Thema32 дерево", "Thema32 дерево\Thema32 дерево.csproj", "{367C5455-A217-4137-99AC-598BDAF8035E}"
EndProject
Project("{FAE04EC0-301F-11D3-BF4B-00C04F79EFBC}") = "Thema32_1", "Thema32_1\Thema32_1.csproj", "{1FF48427-F25C-4516-AC15-8D9E7E795211}"
EndProject
Global
	GlobalSection(SolutionConfigurationPlatforms) = preSolution
		Debug|Any CPU = Debug|Any CPU
		Release|Any CPU = Release|Any CPU
	EndGlobalSection
	GlobalSection(ProjectConfigurationPlatforms) = postSolution
		{11084AF9-3313-4E37-8F66-1A85CA85755E}.Debug|Any CPU.ActiveCfg = Debug|Any CPU
		{11084AF9-3313-4E37-8F66-1A85CA85755E}.Debug|Any CPU.Build.0 = Debug|Any CPU
		{11084AF9-3313-4E37-8F66-1A85CA85755E}.Release|Any CPU.ActiveCfg = Release|Any CPU
		{11084AF9-3313-4E37-8F66-1A85CA85755E}.Release|Any CPU.Build.0 = Release|Any CPU
		{8683913E-EC48-4AF6-B9E1-7FC145507001}.Debug|Any CPU.ActiveCfg = Debug|Any CPU
		{8683913E-EC48-4AF6-B9E1-7FC145507001}.Debug|Any CPU.Build.0 = Debug|Any CPU
		{8683913E-EC48-4AF6-B9E1-7FC145507001}.Release|Any CPU.ActiveCfg = Release|Any CPU
		{8683913E-EC48-4AF6-B9E1-7FC145507001}.Release|Any CPU.Build.0 = Release|Any CPU
		{572EDA8E-1405-44B1-859B-92F72809AE30}.Debug|Any CPU.ActiveCfg = Debug|Any CPU
		{572EDA8E-1405-44B1-859B-92F72809AE30}.Debug|Any CPU.Build.0 = Debug|Any CPU
		{572EDA8E-1405-44B1-859B-92F72809AE30}.Release|Any CPU.ActiveCfg = Release|Any CPU
		{572EDA8E-1405-44B1-859B-92F72809AE30}.Release|Any CPU.Build.0 = Release|Any CPU
		{9DD32C17-232A-4309-9679-7E1861BA686A}.Debug|Any CPU.ActiveCfg = Debug|Any CPU
		{9DD32C17-232A-4309-9679-7E1861BA686A}.Debug|Any CPU.Build.0 = Debug|Any CPU
		{9DD32C17-232A-4309-9679-7E1861BA686A}.Release|Any CPU.ActiveCfg = Release|Any CPU
		{9DD32C17-232A-4309-9679-7E1861BA686A}.Release|Any CPU.Build.0 = Release|Any CPU
		{1D905862-20FB-4FB9-AD40-CDB790419151}.Debug|Any CPU.ActiveCfg = Debug|Any CPU
		{1D905862-20FB-4FB9-AD40-CDB790419151}.Debug|Any CPU.Build.0 = Debug|Any CPU
		{1D905862-20FB-4FB9-AD40-CDB790419151}.Release|Any CPU.ActiveCfg = Release|Any CPU
		{1D905862-20FB-4FB9-AD40-CDB790419151}.Release|Any CPU.Build.0 = Release|Any CPU
		{B46751A4-E6A7-447A-8428-2D7F5C71AD02}.Debug|Any CPU.ActiveCfg = Debug|Any CPU
		{B46751A4-E6A7-447A-8428-2D7F5C71AD02}.Debug|Any CPU.Build.0 = Debug|Any CPU
		{B46751A4-E6A7-447A-8428-2D7F5C71AD02}.Release|Any CPU.ActiveCfg = Release|Any CPU
		{B46751A4-E6A7-447A-8428-2D7F5C71AD02}.Release|Any CPU.Build.0 = Release|Any CPU
		{A3E91D88-F361-4CCA-B2DB-22F6AF59D788}.Debug|Any CPU.ActiveCfg = Debug|Any CPU
		{A3E91D88-F361-4CCA-B2DB-22F6AF59D788}.Debug|Any CPU.Build.0 = Debug|Any CPU
		{A3E91D88-F361-4CCA-B2DB-22F6AF59D788}.Release|Any CPU.ActiveCfg = Release|Any CPU
		{A3E91D88-F361-4CCA-B2DB-22F6AF59D788}.Release|Any CPU.Build.0 = Release|Any CPU
		{7B88E8CA-63B9-4570-936B-9977B02FEC54}.Debug|Any CPU.ActiveCfg = Debug|Any CPU
		{7B88E8CA-63B9-4570-936B-9977B02FEC54}.Debug|Any CPU.Build.0 = Debug|Any CPU
		{7B88E8CA-63B9-4570-936B-9977B02FEC54}.Release|Any CPU.ActiveCfg = Release|Any CPU
		{7B88E8CA-63B9-4570-936B-9977B02FEC54}.Release|Any CPU.Build.0 = Release|Any CPU
		{85B87262-710B-40CA-895B-3A81FC8C1EF5}.Debug|Any CPU.ActiveCfg = Debug|Any CPU
		{85B87262-710B-40CA-895B-3A81FC8C1EF5}.Debug|Any CPU.Build.0 = Debug|Any CPU
		{85B87262-710B-40CA-895B-3A81FC8C1EF5}.Release|Any CPU.ActiveCfg = Release|Any CPU
		{85B87262-710B-40CA-895B-3A81FC8C1EF5}.Release|Any CPU.Build.0 = Release|Any CPU
		{807F8C52-67DA-4121-AB7E-DC9F381395A3}.Debug|Any CPU.ActiveCfg = Debug|Any CPU
		{807F8C52-67DA-4121-AB7E-DC9F381395A3}.Debug|Any CPU.Build.0 = Debug|Any CPU
		{807F8C52-67DA-4121-AB7E-DC9F381395A3}.Release|Any CPU.ActiveCfg = Release|Any CPU
		{807F8C52-67DA-4121-AB7E-DC9F381395A3}.Release|Any CPU.Build.0 = Release|Any CPU
		{01D157B6-362A-4A7A-AC12-0A67C6021909}.Debug|Any CPU.ActiveCfg = Debug|Any CPU
		{01D157B6-362A-4A7A-AC12-0A67C6021909}.Debug|Any CPU.Build.0 = Debug|Any CPU
		{01D157B6-362A-4A7A-AC12-0A67C6021909}.Release|Any CPU.ActiveCfg = Release|Any CPU
		{01D157B6-362A-4A7A-AC12-0A67C6021909}.Release|Any CPU.Build.0 = Release|Any CPU
		{15B4E9C3-B402-440E-9A6E-5E34A98ED27A}.Debug|Any CPU.ActiveCfg = Debug|Any CPU
		{15B4E9C3-B402-440E-9A6E-5E34A98ED27A}.Debug|Any CPU.Build.0 = Debug|Any CPU
		{15B4E9C3-B402-440E-9A6E-5E34A98ED27A}.Release|Any CPU.ActiveCfg = Release|Any CPU
		{15B4E9C3-B402-440E-9A6E-5E34A98ED27A}.Release|Any CPU.Build.0 = Release|Any CPU
		{32D1649A-7448-49BC-94F6-8748132E40B4}.Debug|Any CPU.ActiveCfg = Debug|Any CPU
		{32D1649A-7448-49BC-94F6-8748132E40B4}.Debug|Any CPU.Build.0 = Debug|Any CPU
		{32D1649A-7448-49BC-94F6-8748132E40B4}.Release|Any CPU.ActiveCfg = Release|Any CPU
		{32D1649A-7448-49BC-94F6-8748132E40B4}.Release|Any CPU.Build.0 = Release|Any CPU
		{CFC5DEB2-A596-4CB1-BDBD-33D11F7A81B7}.Debug|Any CPU.ActiveCfg = Debug|Any CPU
		{CFC5DEB2-A596-4CB1-BDBD-33D11F7A81B7}.Debug|Any CPU.Build.0 = Debug|Any CPU
		{CFC5DEB2-A596-4CB1-BDBD-33D11F7A81B7}.Release|Any CPU.ActiveCfg = Release|Any CPU
		{CFC5DEB2-A596-4CB1-BDBD-33D11F7A81B7}.Release|Any CPU.Build.0 = Release|Any CPU
		{4AE1A6CA-DC92-41C1-9C38-0852782CB1A1}.Debug|Any CPU.ActiveCfg = Debug|Any CPU
		{4AE1A6CA-DC92-41C1-9C38-0852782CB1A1}.Debug|Any CPU.Build.0 = Debug|Any CPU
		{4AE1A6CA-DC92-41C1-9C38-0852782CB1A1}.Release|Any CPU.ActiveCfg = Release|Any CPU
		{4AE1A6CA-DC92-41C1-9C38-0852782CB1A1}.Release|Any CPU.Build.0 = Release|Any CPU
		{BD978E03-65AC-4E19-A3ED-1411608A5C93}.Debug|Any CPU.ActiveCfg = Debug|Any CPU
		{BD978E03-65AC-4E19-A3ED-1411608A5C93}.Debug|Any CPU.Build.0 = Debug|Any CPU
		{BD978E03-65AC-4E19-A3ED-1411608A5C93}.Release|Any CPU.ActiveCfg = Release|Any CPU
		{BD978E03-65AC-4E19-A3ED-1411608A5C93}.Release|Any CPU.Build.0 = Release|Any CPU
		{3727A219-3B25-47CD-ACAC-DED4A60D5C51}.Debug|Any CPU.ActiveCfg = Debug|Any CPU
		{3727A219-3B25-47CD-ACAC-DED4A60D5C51}.Debug|Any CPU.Build.0 = Debug|Any CPU
		{3727A219-3B25-47CD-ACAC-DED4A60D5C51}.Release|Any CPU.ActiveCfg = Release|Any CPU
		{3727A219-3B25-47CD-ACAC-DED4A60D5C51}.Release|Any CPU.Build.0 = Release|Any CPU
		{385903FA-6FB5-436E-A605-FE24F6FEFEDA}.Debug|Any CPU.ActiveCfg = Debug|Any CPU
		{385903FA-6FB5-436E-A605-FE24F6FEFEDA}.Debug|Any CPU.Build.0 = Debug|Any CPU
		{385903FA-6FB5-436E-A605-FE24F6FEFEDA}.Release|Any CPU.ActiveCfg = Release|Any CPU
		{385903FA-6FB5-436E-A605-FE24F6FEFEDA}.Release|Any CPU.Build.0 = Release|Any CPU
		{DD95554F-71D8-45F7-AF68-7257FA734B6D}.Debug|Any CPU.ActiveCfg = Debug|Any CPU
		{DD95554F-71D8-45F7-AF68-7257FA734B6D}.Debug|Any CPU.Build.0 = Debug|Any CPU
		{DD95554F-71D8-45F7-AF68-7257FA734B6D}.Release|Any CPU.ActiveCfg = Release|Any CPU
		{DD95554F-71D8-45F7-AF68-7257FA734B6D}.Release|Any CPU.Build.0 = Release|Any CPU
		{18D25D9A-2DE9-4D60-87D5-E0FD85ED0B46}.Debug|Any CPU.ActiveCfg = Debug|Any CPU
		{18D25D9A-2DE9-4D60-87D5-E0FD85ED0B46}.Debug|Any CPU.Build.0 = Debug|Any CPU
		{18D25D9A-2DE9-4D60-87D5-E0FD85ED0B46}.Release|Any CPU.ActiveCfg = Release|Any CPU
		{18D25D9A-2DE9-4D60-87D5-E0FD85ED0B46}.Release|Any CPU.Build.0 = Release|Any CPU
		{280D8731-ABAA-49AA-8257-09F3A1BCD422}.Debug|Any CPU.ActiveCfg = Debug|Any CPU
		{280D8731-ABAA-49AA-8257-09F3A1BCD422}.Debug|Any CPU.Build.0 = Debug|Any CPU
		{280D8731-ABAA-49AA-8257-09F3A1BCD422}.Release|Any CPU.ActiveCfg = Release|Any CPU
		{280D8731-ABAA-49AA-8257-09F3A1BCD422}.Release|Any CPU.Build.0 = Release|Any CPU
		{54BD914B-DB26-49A5-9B76-B3756BE1D775}.Debug|Any CPU.ActiveCfg = Debug|Any CPU
		{54BD914B-DB26-49A5-9B76-B3756BE1D775}.Debug|Any CPU.Build.0 = Debug|Any CPU
		{54BD914B-DB26-49A5-9B76-B3756BE1D775}.Release|Any CPU.ActiveCfg = Release|Any CPU
		{54BD914B-DB26-49A5-9B76-B3756BE1D775}.Release|Any CPU.Build.0 = Release|Any CPU
		{51A90E4B-CE26-4A4C-98B1-C161D16E7BCA}.Debug|Any CPU.ActiveCfg = Debug|Any CPU
		{51A90E4B-CE26-4A4C-98B1-C161D16E7BCA}.Debug|Any CPU.Build.0 = Debug|Any CPU
		{51A90E4B-CE26-4A4C-98B1-C161D16E7BCA}.Release|Any CPU.ActiveCfg = Release|Any CPU
		{51A90E4B-CE26-4A4C-98B1-C161D16E7BCA}.Release|Any CPU.Build.0 = Release|Any CPU
		{4D03C95C-8A15-4981-9733-5968B75CE752}.Debug|Any CPU.ActiveCfg = Debug|Any CPU
		{4D03C95C-8A15-4981-9733-5968B75CE752}.Debug|Any CPU.Build.0 = Debug|Any CPU
		{4D03C95C-8A15-4981-9733-5968B75CE752}.Release|Any CPU.ActiveCfg = Release|Any CPU
		{4D03C95C-8A15-4981-9733-5968B75CE752}.Release|Any CPU.Build.0 = Release|Any CPU
		{D13470E7-579B-464C-BE7D-E4441E2E76A8}.Debug|Any CPU.ActiveCfg = Debug|Any CPU
		{D13470E7-579B-464C-BE7D-E4441E2E76A8}.Debug|Any CPU.Build.0 = Debug|Any CPU
		{D13470E7-579B-464C-BE7D-E4441E2E76A8}.Release|Any CPU.ActiveCfg = Release|Any CPU
		{D13470E7-579B-464C-BE7D-E4441E2E76A8}.Release|Any CPU.Build.0 = Release|Any CPU
		{E8A48047-BDC7-4301-A12F-EFB6A81CD0D4}.Debug|Any CPU.ActiveCfg = Debug|Any CPU
		{E8A48047-BDC7-4301-A12F-EFB6A81CD0D4}.Debug|Any CPU.Build.0 = Debug|Any CPU
		{E8A48047-BDC7-4301-A12F-EFB6A81CD0D4}.Release|Any CPU.ActiveCfg = Release|Any CPU
		{E8A48047-BDC7-4301-A12F-EFB6A81CD0D4}.Release|Any CPU.Build.0 = Release|Any CPU
		{6B460C4E-EA28-46B8-A6F9-AC144A208C0C}.Debug|Any CPU.ActiveCfg = Debug|Any CPU
		{6B460C4E-EA28-46B8-A6F9-AC144A208C0C}.Debug|Any CPU.Build.0 = Debug|Any CPU
		{6B460C4E-EA28-46B8-A6F9-AC144A208C0C}.Release|Any CPU.ActiveCfg = Release|Any CPU
		{6B460C4E-EA28-46B8-A6F9-AC144A208C0C}.Release|Any CPU.Build.0 = Release|Any CPU
		{23586183-D026-4AD1-B5B1-C2689F2FF077}.Debug|Any CPU.ActiveCfg = Debug|Any CPU
		{23586183-D026-4AD1-B5B1-C2689F2FF077}.Debug|Any CPU.Build.0 = Debug|Any CPU
		{23586183-D026-4AD1-B5B1-C2689F2FF077}.Release|Any CPU.ActiveCfg = Release|Any CPU
		{23586183-D026-4AD1-B5B1-C2689F2FF077}.Release|Any CPU.Build.0 = Release|Any CPU
		{6FC2DBC8-D0DD-41B6-9EDD-9924CB15DA5F}.Debug|Any CPU.ActiveCfg = Debug|Any CPU
		{6FC2DBC8-D0DD-41B6-9EDD-9924CB15DA5F}.Debug|Any CPU.Build.0 = Debug|Any CPU
		{6FC2DBC8-D0DD-41B6-9EDD-9924CB15DA5F}.Release|Any CPU.ActiveCfg = Release|Any CPU
		{6FC2DBC8-D0DD-41B6-9EDD-9924CB15DA5F}.Release|Any CPU.Build.0 = Release|Any CPU
		{B29E481A-227F-4EF8-B550-765376C53019}.Debug|Any CPU.ActiveCfg = Debug|Any CPU
		{B29E481A-227F-4EF8-B550-765376C53019}.Debug|Any CPU.Build.0 = Debug|Any CPU
		{B29E481A-227F-4EF8-B550-765376C53019}.Release|Any CPU.ActiveCfg = Release|Any CPU
		{B29E481A-227F-4EF8-B550-765376C53019}.Release|Any CPU.Build.0 = Release|Any CPU
		{B00C4BDD-4965-4BF7-B6CE-048337B68320}.Debug|Any CPU.ActiveCfg = Debug|Any CPU
		{B00C4BDD-4965-4BF7-B6CE-048337B68320}.Debug|Any CPU.Build.0 = Debug|Any CPU
		{B00C4BDD-4965-4BF7-B6CE-048337B68320}.Release|Any CPU.ActiveCfg = Release|Any CPU
		{B00C4BDD-4965-4BF7-B6CE-048337B68320}.Release|Any CPU.Build.0 = Release|Any CPU
		{67328BAB-9800-4C32-8548-BA36123B950A}.Debug|Any CPU.ActiveCfg = Debug|Any CPU
		{67328BAB-9800-4C32-8548-BA36123B950A}.Debug|Any CPU.Build.0 = Debug|Any CPU
		{67328BAB-9800-4C32-8548-BA36123B950A}.Release|Any CPU.ActiveCfg = Release|Any CPU
		{67328BAB-9800-4C32-8548-BA36123B950A}.Release|Any CPU.Build.0 = Release|Any CPU
		{93AB8D10-D883-4D69-8E2A-7E932A5473DC}.Debug|Any CPU.ActiveCfg = Debug|Any CPU
		{93AB8D10-D883-4D69-8E2A-7E932A5473DC}.Debug|Any CPU.Build.0 = Debug|Any CPU
		{93AB8D10-D883-4D69-8E2A-7E932A5473DC}.Release|Any CPU.ActiveCfg = Release|Any CPU
		{93AB8D10-D883-4D69-8E2A-7E932A5473DC}.Release|Any CPU.Build.0 = Release|Any CPU
		{902FF1B5-62F2-40D8-AC9A-C409D809689F}.Debug|Any CPU.ActiveCfg = Debug|Any CPU
		{902FF1B5-62F2-40D8-AC9A-C409D809689F}.Debug|Any CPU.Build.0 = Debug|Any CPU
		{902FF1B5-62F2-40D8-AC9A-C409D809689F}.Release|Any CPU.ActiveCfg = Release|Any CPU
		{902FF1B5-62F2-40D8-AC9A-C409D809689F}.Release|Any CPU.Build.0 = Release|Any CPU
		{9D2D86EA-10E5-459B-B031-1D14BEEA53F0}.Debug|Any CPU.ActiveCfg = Debug|Any CPU
		{9D2D86EA-10E5-459B-B031-1D14BEEA53F0}.Debug|Any CPU.Build.0 = Debug|Any CPU
		{9D2D86EA-10E5-459B-B031-1D14BEEA53F0}.Release|Any CPU.ActiveCfg = Release|Any CPU
		{9D2D86EA-10E5-459B-B031-1D14BEEA53F0}.Release|Any CPU.Build.0 = Release|Any CPU
		{BBD10601-A522-4AB9-8B0A-C4A029AD41B6}.Debug|Any CPU.ActiveCfg = Debug|Any CPU
		{BBD10601-A522-4AB9-8B0A-C4A029AD41B6}.Debug|Any CPU.Build.0 = Debug|Any CPU
		{BBD10601-A522-4AB9-8B0A-C4A029AD41B6}.Release|Any CPU.ActiveCfg = Release|Any CPU
		{BBD10601-A522-4AB9-8B0A-C4A029AD41B6}.Release|Any CPU.Build.0 = Release|Any CPU
		{9B937A29-56D8-4CB3-8026-B7AB69AED0AE}.Debug|Any CPU.ActiveCfg = Debug|Any CPU
		{9B937A29-56D8-4CB3-8026-B7AB69AED0AE}.Debug|Any CPU.Build.0 = Debug|Any CPU
		{9B937A29-56D8-4CB3-8026-B7AB69AED0AE}.Release|Any CPU.ActiveCfg = Release|Any CPU
		{9B937A29-56D8-4CB3-8026-B7AB69AED0AE}.Release|Any CPU.Build.0 = Release|Any CPU
		{6D51BF2B-9BAD-4538-8562-18E3CF17F6CD}.Debug|Any CPU.ActiveCfg = Debug|Any CPU
		{6D51BF2B-9BAD-4538-8562-18E3CF17F6CD}.Debug|Any CPU.Build.0 = Debug|Any CPU
		{6D51BF2B-9BAD-4538-8562-18E3CF17F6CD}.Release|Any CPU.ActiveCfg = Release|Any CPU
		{6D51BF2B-9BAD-4538-8562-18E3CF17F6CD}.Release|Any CPU.Build.0 = Release|Any CPU
		{367C5455-A217-4137-99AC-598BDAF8035E}.Debug|Any CPU.ActiveCfg = Debug|Any CPU
		{367C5455-A217-4137-99AC-598BDAF8035E}.Debug|Any CPU.Build.0 = Debug|Any CPU
		{367C5455-A217-4137-99AC-598BDAF8035E}.Release|Any CPU.ActiveCfg = Release|Any CPU
		{367C5455-A217-4137-99AC-598BDAF8035E}.Release|Any CPU.Build.0 = Release|Any CPU
		{1FF48427-F25C-4516-AC15-8D9E7E795211}.Debug|Any CPU.ActiveCfg = Debug|Any CPU
		{1FF48427-F25C-4516-AC15-8D9E7E795211}.Debug|Any CPU.Build.0 = Debug|Any CPU
		{1FF48427-F25C-4516-AC15-8D9E7E795211}.Release|Any CPU.ActiveCfg = Release|Any CPU
		{1FF48427-F25C-4516-AC15-8D9E7E795211}.Release|Any CPU.Build.0 = Release|Any CPU
	EndGlobalSection
	GlobalSection(SolutionProperties) = preSolution
		HideSolutionNode = FALSE
	EndGlobalSection
	GlobalSection(ExtensibilityGlobals) = postSolution
		SolutionGuid = {7C9464B5-1186-4C7E-9499-D0EDB02226C1}
	EndGlobalSection
EndGlobal
